// !$*UTF8*$!
{
	archiveVersion = 1;
	classes = {
	};
	objectVersion = 55;
	objects = {

/* Begin PBXBuildFile section */
		038CF71FF9CC09F0FB7741B2 /* Pods_MobileCredential.framework in Frameworks */ = {isa = PBXBuildFile; fileRef = F18496601A1EBE755FD09FEB /* Pods_MobileCredential.framework */; };
		68290F3B2736B39700F5086F /* AppDelegate.m in Sources */ = {isa = PBXBuildFile; fileRef = 68290F3A2736B39700F5086F /* AppDelegate.m */; };
		68290F3E2736B39700F5086F /* SceneDelegate.m in Sources */ = {isa = PBXBuildFile; fileRef = 68290F3D2736B39700F5086F /* SceneDelegate.m */; };
		68290F412736B39700F5086F /* MainViewController.m in Sources */ = {isa = PBXBuildFile; fileRef = 68290F402736B39700F5086F /* MainViewController.m */; };
		68290F442736B39700F5086F /* Main.storyboard in Resources */ = {isa = PBXBuildFile; fileRef = 68290F422736B39700F5086F /* Main.storyboard */; };
		68290F462736B39800F5086F /* Assets.xcassets in Resources */ = {isa = PBXBuildFile; fileRef = 68290F452736B39800F5086F /* Assets.xcassets */; };
		68290F492736B39800F5086F /* LaunchScreen.storyboard in Resources */ = {isa = PBXBuildFile; fileRef = 68290F472736B39800F5086F /* LaunchScreen.storyboard */; };
		68290F4C2736B39800F5086F /* main.m in Sources */ = {isa = PBXBuildFile; fileRef = 68290F4B2736B39800F5086F /* main.m */; };
		68290F592736B64600F5086F /* BeaconManager.m in Sources */ = {isa = PBXBuildFile; fileRef = 68290F582736B64600F5086F /* BeaconManager.m */; };
		68290F5C2736B77B00F5086F /* UserModel.m in Sources */ = {isa = PBXBuildFile; fileRef = 68290F5B2736B77B00F5086F /* UserModel.m */; };
		68317D36274E5495001CDA7F /* AlertManager.m in Sources */ = {isa = PBXBuildFile; fileRef = 68317D35274E5495001CDA7F /* AlertManager.m */; };
		68DBE30C2747DBC400B5441F /* DBManager.m in Sources */ = {isa = PBXBuildFile; fileRef = 68DBE30B2747DBC400B5441F /* DBManager.m */; };
		68DBE30F2747DF2A00B5441F /* SeatModel.m in Sources */ = {isa = PBXBuildFile; fileRef = 68DBE30E2747DF2A00B5441F /* SeatModel.m */; };
		68DBE312274B506C00B5441F /* NFCManager.m in Sources */ = {isa = PBXBuildFile; fileRef = 68DBE311274B506C00B5441F /* NFCManager.m */; };
		68DBE382274B93B700B5441F /* NanumBarunGothic.ttf in Resources */ = {isa = PBXBuildFile; fileRef = 68DBE381274B93B500B5441F /* NanumBarunGothic.ttf */; };
		68DBE383274B93B900B5441F /* NanumBarunGothicBold.ttf in Resources */ = {isa = PBXBuildFile; fileRef = 68DBE380274B93B500B5441F /* NanumBarunGothicBold.ttf */; };
/* End PBXBuildFile section */

/* Begin PBXFileReference section */
		21B10EEF12E899F545A5FBED /* Pods-MobileCredential.debug.xcconfig */ = {isa = PBXFileReference; includeInIndex = 1; lastKnownFileType = text.xcconfig; name = "Pods-MobileCredential.debug.xcconfig"; path = "Target Support Files/Pods-MobileCredential/Pods-MobileCredential.debug.xcconfig"; sourceTree = "<group>"; };
		270FDB19922A5E441B605F40 /* Pods-MobileCredential.release.xcconfig */ = {isa = PBXFileReference; includeInIndex = 1; lastKnownFileType = text.xcconfig; name = "Pods-MobileCredential.release.xcconfig"; path = "Target Support Files/Pods-MobileCredential/Pods-MobileCredential.release.xcconfig"; sourceTree = "<group>"; };
		68290F362736B39700F5086F /* MobileCredential.app */ = {isa = PBXFileReference; explicitFileType = wrapper.application; includeInIndex = 0; path = MobileCredential.app; sourceTree = BUILT_PRODUCTS_DIR; };
		68290F392736B39700F5086F /* AppDelegate.h */ = {isa = PBXFileReference; lastKnownFileType = sourcecode.c.h; path = AppDelegate.h; sourceTree = "<group>"; };
		68290F3A2736B39700F5086F /* AppDelegate.m */ = {isa = PBXFileReference; lastKnownFileType = sourcecode.c.objc; path = AppDelegate.m; sourceTree = "<group>"; };
		68290F3C2736B39700F5086F /* SceneDelegate.h */ = {isa = PBXFileReference; lastKnownFileType = sourcecode.c.h; path = SceneDelegate.h; sourceTree = "<group>"; };
		68290F3D2736B39700F5086F /* SceneDelegate.m */ = {isa = PBXFileReference; lastKnownFileType = sourcecode.c.objc; path = SceneDelegate.m; sourceTree = "<group>"; };
		68290F3F2736B39700F5086F /* MainViewController.h */ = {isa = PBXFileReference; lastKnownFileType = sourcecode.c.h; path = MainViewController.h; sourceTree = "<group>"; };
		68290F402736B39700F5086F /* MainViewController.m */ = {isa = PBXFileReference; lastKnownFileType = sourcecode.c.objc; path = MainViewController.m; sourceTree = "<group>"; };
		68290F432736B39700F5086F /* Base */ = {isa = PBXFileReference; lastKnownFileType = file.storyboard; name = Base; path = Base.lproj/Main.storyboard; sourceTree = "<group>"; };
		68290F452736B39800F5086F /* Assets.xcassets */ = {isa = PBXFileReference; lastKnownFileType = folder.assetcatalog; path = Assets.xcassets; sourceTree = "<group>"; };
		68290F482736B39800F5086F /* Base */ = {isa = PBXFileReference; lastKnownFileType = file.storyboard; name = Base; path = Base.lproj/LaunchScreen.storyboard; sourceTree = "<group>"; };
		68290F4A2736B39800F5086F /* Info.plist */ = {isa = PBXFileReference; lastKnownFileType = text.plist.xml; path = Info.plist; sourceTree = "<group>"; };
		68290F4B2736B39800F5086F /* main.m */ = {isa = PBXFileReference; lastKnownFileType = sourcecode.c.objc; path = main.m; sourceTree = "<group>"; };
		68290F572736B64600F5086F /* BeaconManager.h */ = {isa = PBXFileReference; lastKnownFileType = sourcecode.c.h; path = BeaconManager.h; sourceTree = "<group>"; };
		68290F582736B64600F5086F /* BeaconManager.m */ = {isa = PBXFileReference; lastKnownFileType = sourcecode.c.objc; path = BeaconManager.m; sourceTree = "<group>"; };
		68290F5A2736B77B00F5086F /* UserModel.h */ = {isa = PBXFileReference; lastKnownFileType = sourcecode.c.h; path = UserModel.h; sourceTree = "<group>"; };
		68290F5B2736B77B00F5086F /* UserModel.m */ = {isa = PBXFileReference; lastKnownFileType = sourcecode.c.objc; path = UserModel.m; sourceTree = "<group>"; };
		68290F5D2736BA0F00F5086F /* PrefixHeader.pch */ = {isa = PBXFileReference; lastKnownFileType = sourcecode.c.h; path = PrefixHeader.pch; sourceTree = "<group>"; };
		68317D34274E5495001CDA7F /* AlertManager.h */ = {isa = PBXFileReference; lastKnownFileType = sourcecode.c.h; path = AlertManager.h; sourceTree = "<group>"; };
		68317D35274E5495001CDA7F /* AlertManager.m */ = {isa = PBXFileReference; lastKnownFileType = sourcecode.c.objc; path = AlertManager.m; sourceTree = "<group>"; };
		68DBE30A2747DBC400B5441F /* DBManager.h */ = {isa = PBXFileReference; lastKnownFileType = sourcecode.c.h; path = DBManager.h; sourceTree = "<group>"; };
		68DBE30B2747DBC400B5441F /* DBManager.m */ = {isa = PBXFileReference; lastKnownFileType = sourcecode.c.objc; path = DBManager.m; sourceTree = "<group>"; };
		68DBE30D2747DF2A00B5441F /* SeatModel.h */ = {isa = PBXFileReference; lastKnownFileType = sourcecode.c.h; path = SeatModel.h; sourceTree = "<group>"; };
		68DBE30E2747DF2A00B5441F /* SeatModel.m */ = {isa = PBXFileReference; lastKnownFileType = sourcecode.c.objc; path = SeatModel.m; sourceTree = "<group>"; };
		68DBE310274B506C00B5441F /* NFCManager.h */ = {isa = PBXFileReference; lastKnownFileType = sourcecode.c.h; path = NFCManager.h; sourceTree = "<group>"; };
		68DBE311274B506C00B5441F /* NFCManager.m */ = {isa = PBXFileReference; lastKnownFileType = sourcecode.c.objc; path = NFCManager.m; sourceTree = "<group>"; };
		68DBE380274B93B500B5441F /* NanumBarunGothicBold.ttf */ = {isa = PBXFileReference; lastKnownFileType = file; path = NanumBarunGothicBold.ttf; sourceTree = "<group>"; };
		68DBE381274B93B500B5441F /* NanumBarunGothic.ttf */ = {isa = PBXFileReference; lastKnownFileType = file; path = NanumBarunGothic.ttf; sourceTree = "<group>"; };
		F18496601A1EBE755FD09FEB /* Pods_MobileCredential.framework */ = {isa = PBXFileReference; explicitFileType = wrapper.framework; includeInIndex = 0; path = Pods_MobileCredential.framework; sourceTree = BUILT_PRODUCTS_DIR; };
/* End PBXFileReference section */

/* Begin PBXFrameworksBuildPhase section */
		68290F332736B39700F5086F /* Frameworks */ = {
			isa = PBXFrameworksBuildPhase;
			buildActionMask = 2147483647;
			files = (
				038CF71FF9CC09F0FB7741B2 /* Pods_MobileCredential.framework in Frameworks */,
			);
			runOnlyForDeploymentPostprocessing = 0;
		};
/* End PBXFrameworksBuildPhase section */

/* Begin PBXGroup section */
		68290F2D2736B39700F5086F = {
			isa = PBXGroup;
			children = (
				68290F382736B39700F5086F /* MobileCredential */,
				68290F372736B39700F5086F /* Products */,
				8D12DFCF1E6C2D738D8DBA10 /* Pods */,
				BACB971E572D4EE6CD77219C /* Frameworks */,
			);
			sourceTree = "<group>";
		};
		68290F372736B39700F5086F /* Products */ = {
			isa = PBXGroup;
			children = (
				68290F362736B39700F5086F /* MobileCredential.app */,
			);
			name = Products;
			sourceTree = "<group>";
		};
		68290F382736B39700F5086F /* MobileCredential */ = {
			isa = PBXGroup;
			children = (
				68290F562736B5FF00F5086F /* Managers */,
				68290F522736B55800F5086F /* Models */,
				68290F542736B5B900F5086F /* Views */,
				68290F532736B58E00F5086F /* Controllers */,
				68290F552736B5CF00F5086F /* AppRelated */,
			);
			path = MobileCredential;
			sourceTree = "<group>";
		};
		68290F522736B55800F5086F /* Models */ = {
			isa = PBXGroup;
			children = (
				68290F5A2736B77B00F5086F /* UserModel.h */,
				68290F5B2736B77B00F5086F /* UserModel.m */,
				68DBE30D2747DF2A00B5441F /* SeatModel.h */,
				68DBE30E2747DF2A00B5441F /* SeatModel.m */,
			);
			name = Models;
			sourceTree = "<group>";
		};
		68290F532736B58E00F5086F /* Controllers */ = {
			isa = PBXGroup;
			children = (
				68290F3F2736B39700F5086F /* MainViewController.h */,
				68290F402736B39700F5086F /* MainViewController.m */,
			);
			path = Controllers;
			sourceTree = "<group>";
		};
		68290F542736B5B900F5086F /* Views */ = {
			isa = PBXGroup;
			children = (
				68DBE37F274B937C00B5441F /* Font */,
				68290F422736B39700F5086F /* Main.storyboard */,
				68290F472736B39800F5086F /* LaunchScreen.storyboard */,
			);
			name = Views;
			sourceTree = "<group>";
		};
		68290F552736B5CF00F5086F /* AppRelated */ = {
			isa = PBXGroup;
			children = (
				68290F392736B39700F5086F /* AppDelegate.h */,
				68290F3A2736B39700F5086F /* AppDelegate.m */,
				68290F3C2736B39700F5086F /* SceneDelegate.h */,
				68290F3D2736B39700F5086F /* SceneDelegate.m */,
				68290F452736B39800F5086F /* Assets.xcassets */,
				68290F4A2736B39800F5086F /* Info.plist */,
				68290F4B2736B39800F5086F /* main.m */,
				68290F5D2736BA0F00F5086F /* PrefixHeader.pch */,
			);
			name = AppRelated;
			sourceTree = "<group>";
		};
		68290F562736B5FF00F5086F /* Managers */ = {
			isa = PBXGroup;
			children = (
				68317D34274E5495001CDA7F /* AlertManager.h */,
				68317D35274E5495001CDA7F /* AlertManager.m */,
				68290F572736B64600F5086F /* BeaconManager.h */,
				68290F582736B64600F5086F /* BeaconManager.m */,
				68DBE30A2747DBC400B5441F /* DBManager.h */,
				68DBE30B2747DBC400B5441F /* DBManager.m */,
				68DBE310274B506C00B5441F /* NFCManager.h */,
				68DBE311274B506C00B5441F /* NFCManager.m */,
			);
			name = Managers;
			sourceTree = "<group>";
		};
		68DBE37F274B937C00B5441F /* Font */ = {
			isa = PBXGroup;
			children = (
				68DBE381274B93B500B5441F /* NanumBarunGothic.ttf */,
				68DBE380274B93B500B5441F /* NanumBarunGothicBold.ttf */,
			);
			name = Font;
			sourceTree = "<group>";
		};
		8D12DFCF1E6C2D738D8DBA10 /* Pods */ = {
			isa = PBXGroup;
			children = (
				21B10EEF12E899F545A5FBED /* Pods-MobileCredential.debug.xcconfig */,
				270FDB19922A5E441B605F40 /* Pods-MobileCredential.release.xcconfig */,
			);
			path = Pods;
			sourceTree = "<group>";
		};
		BACB971E572D4EE6CD77219C /* Frameworks */ = {
			isa = PBXGroup;
			children = (
				F18496601A1EBE755FD09FEB /* Pods_MobileCredential.framework */,
			);
			name = Frameworks;
			sourceTree = "<group>";
		};
/* End PBXGroup section */

/* Begin PBXNativeTarget section */
		68290F352736B39700F5086F /* MobileCredential */ = {
			isa = PBXNativeTarget;
			buildConfigurationList = 68290F4F2736B39800F5086F /* Build configuration list for PBXNativeTarget "MobileCredential" */;
			buildPhases = (
				2CFAAC5D35E81168915F025B /* [CP] Check Pods Manifest.lock */,
				68290F322736B39700F5086F /* Sources */,
				68290F332736B39700F5086F /* Frameworks */,
				68290F342736B39700F5086F /* Resources */,
				A5924C9C2874C3B8C64D6DDC /* [CP] Embed Pods Frameworks */,
			);
			buildRules = (
			);
			dependencies = (
			);
			name = MobileCredential;
			productName = MobileCredential;
			productReference = 68290F362736B39700F5086F /* MobileCredential.app */;
			productType = "com.apple.product-type.application";
		};
/* End PBXNativeTarget section */

/* Begin PBXProject section */
		68290F2E2736B39700F5086F /* Project object */ = {
			isa = PBXProject;
			attributes = {
				BuildIndependentTargetsInParallel = 1;
				LastUpgradeCheck = 1300;
				TargetAttributes = {
					68290F352736B39700F5086F = {
						CreatedOnToolsVersion = 13.0;
					};
				};
			};
			buildConfigurationList = 68290F312736B39700F5086F /* Build configuration list for PBXProject "MobileCredential" */;
			compatibilityVersion = "Xcode 13.0";
			developmentRegion = en;
			hasScannedForEncodings = 0;
			knownRegions = (
				en,
				Base,
			);
			mainGroup = 68290F2D2736B39700F5086F;
			productRefGroup = 68290F372736B39700F5086F /* Products */;
			projectDirPath = "";
			projectRoot = "";
			targets = (
				68290F352736B39700F5086F /* MobileCredential */,
			);
		};
/* End PBXProject section */

/* Begin PBXResourcesBuildPhase section */
		68290F342736B39700F5086F /* Resources */ = {
			isa = PBXResourcesBuildPhase;
			buildActionMask = 2147483647;
			files = (
				68DBE383274B93B900B5441F /* NanumBarunGothicBold.ttf in Resources */,
				68290F492736B39800F5086F /* LaunchScreen.storyboard in Resources */,
				68DBE382274B93B700B5441F /* NanumBarunGothic.ttf in Resources */,
				68290F462736B39800F5086F /* Assets.xcassets in Resources */,
				68290F442736B39700F5086F /* Main.storyboard in Resources */,
			);
			runOnlyForDeploymentPostprocessing = 0;
		};
/* End PBXResourcesBuildPhase section */

/* Begin PBXShellScriptBuildPhase section */
		2CFAAC5D35E81168915F025B /* [CP] Check Pods Manifest.lock */ = {
			isa = PBXShellScriptBuildPhase;
			buildActionMask = 2147483647;
			files = (
			);
			inputFileListPaths = (
			);
			inputPaths = (
				"${PODS_PODFILE_DIR_PATH}/Podfile.lock",
				"${PODS_ROOT}/Manifest.lock",
			);
			name = "[CP] Check Pods Manifest.lock";
			outputFileListPaths = (
			);
			outputPaths = (
				"$(DERIVED_FILE_DIR)/Pods-MobileCredential-checkManifestLockResult.txt",
			);
			runOnlyForDeploymentPostprocessing = 0;
			shellPath = /bin/sh;
			shellScript = "diff \"${PODS_PODFILE_DIR_PATH}/Podfile.lock\" \"${PODS_ROOT}/Manifest.lock\" > /dev/null\nif [ $? != 0 ] ; then\n    # print error to STDERR\n    echo \"error: The sandbox is not in sync with the Podfile.lock. Run 'pod install' or update your CocoaPods installation.\" >&2\n    exit 1\nfi\n# This output is used by Xcode 'outputs' to avoid re-running this script phase.\necho \"SUCCESS\" > \"${SCRIPT_OUTPUT_FILE_0}\"\n";
			showEnvVarsInLog = 0;
		};
		A5924C9C2874C3B8C64D6DDC /* [CP] Embed Pods Frameworks */ = {
			isa = PBXShellScriptBuildPhase;
			buildActionMask = 2147483647;
			files = (
			);
			inputFileListPaths = (
				"${PODS_ROOT}/Target Support Files/Pods-MobileCredential/Pods-MobileCredential-frameworks-${CONFIGURATION}-input-files.xcfilelist",
			);
			name = "[CP] Embed Pods Frameworks";
			outputFileListPaths = (
				"${PODS_ROOT}/Target Support Files/Pods-MobileCredential/Pods-MobileCredential-frameworks-${CONFIGURATION}-output-files.xcfilelist",
			);
			runOnlyForDeploymentPostprocessing = 0;
			shellPath = /bin/sh;
			shellScript = "\"${PODS_ROOT}/Target Support Files/Pods-MobileCredential/Pods-MobileCredential-frameworks.sh\"\n";
			showEnvVarsInLog = 0;
		};
/* End PBXShellScriptBuildPhase section */

/* Begin PBXSourcesBuildPhase section */
		68290F322736B39700F5086F /* Sources */ = {
			isa = PBXSourcesBuildPhase;
			buildActionMask = 2147483647;
			files = (
				68DBE30C2747DBC400B5441F /* DBManager.m in Sources */,
				68290F412736B39700F5086F /* MainViewController.m in Sources */,
				68317D36274E5495001CDA7F /* AlertManager.m in Sources */,
				68290F3B2736B39700F5086F /* AppDelegate.m in Sources */,
				68290F5C2736B77B00F5086F /* UserModel.m in Sources */,
				68DBE30F2747DF2A00B5441F /* SeatModel.m in Sources */,
				68DBE312274B506C00B5441F /* NFCManager.m in Sources */,
				68290F4C2736B39800F5086F /* main.m in Sources */,
				68290F3E2736B39700F5086F /* SceneDelegate.m in Sources */,
				68290F592736B64600F5086F /* BeaconManager.m in Sources */,
			);
			runOnlyForDeploymentPostprocessing = 0;
		};
/* End PBXSourcesBuildPhase section */

/* Begin PBXVariantGroup section */
		68290F422736B39700F5086F /* Main.storyboard */ = {
			isa = PBXVariantGroup;
			children = (
				68290F432736B39700F5086F /* Base */,
			);
			name = Main.storyboard;
			sourceTree = "<group>";
		};
		68290F472736B39800F5086F /* LaunchScreen.storyboard */ = {
			isa = PBXVariantGroup;
			children = (
				68290F482736B39800F5086F /* Base */,
			);
			name = LaunchScreen.storyboard;
			sourceTree = "<group>";
		};
/* End PBXVariantGroup section */

/* Begin XCBuildConfiguration section */
		68290F4D2736B39800F5086F /* Debug */ = {
			isa = XCBuildConfiguration;
			buildSettings = {
				ALWAYS_SEARCH_USER_PATHS = NO;
				CLANG_ANALYZER_NONNULL = YES;
				CLANG_ANALYZER_NUMBER_OBJECT_CONVERSION = YES_AGGRESSIVE;
				CLANG_CXX_LANGUAGE_STANDARD = "gnu++17";
				CLANG_CXX_LIBRARY = "libc++";
				CLANG_ENABLE_MODULES = YES;
				CLANG_ENABLE_OBJC_ARC = YES;
				CLANG_ENABLE_OBJC_WEAK = YES;
				CLANG_WARN_BLOCK_CAPTURE_AUTORELEASING = YES;
				CLANG_WARN_BOOL_CONVERSION = YES;
				CLANG_WARN_COMMA = YES;
				CLANG_WARN_CONSTANT_CONVERSION = YES;
				CLANG_WARN_DEPRECATED_OBJC_IMPLEMENTATIONS = YES;
				CLANG_WARN_DIRECT_OBJC_ISA_USAGE = YES_ERROR;
				CLANG_WARN_DOCUMENTATION_COMMENTS = YES;
				CLANG_WARN_EMPTY_BODY = YES;
				CLANG_WARN_ENUM_CONVERSION = YES;
				CLANG_WARN_INFINITE_RECURSION = YES;
				CLANG_WARN_INT_CONVERSION = YES;
				CLANG_WARN_NON_LITERAL_NULL_CONVERSION = YES;
				CLANG_WARN_OBJC_IMPLICIT_RETAIN_SELF = YES;
				CLANG_WARN_OBJC_LITERAL_CONVERSION = YES;
				CLANG_WARN_OBJC_ROOT_CLASS = YES_ERROR;
				CLANG_WARN_QUOTED_INCLUDE_IN_FRAMEWORK_HEADER = YES;
				CLANG_WARN_RANGE_LOOP_ANALYSIS = YES;
				CLANG_WARN_STRICT_PROTOTYPES = YES;
				CLANG_WARN_SUSPICIOUS_MOVE = YES;
				CLANG_WARN_UNGUARDED_AVAILABILITY = YES_AGGRESSIVE;
				CLANG_WARN_UNREACHABLE_CODE = YES;
				CLANG_WARN__DUPLICATE_METHOD_MATCH = YES;
				COPY_PHASE_STRIP = NO;
				DEBUG_INFORMATION_FORMAT = dwarf;
				ENABLE_STRICT_OBJC_MSGSEND = YES;
				ENABLE_TESTABILITY = YES;
				GCC_C_LANGUAGE_STANDARD = gnu11;
				GCC_DYNAMIC_NO_PIC = NO;
				GCC_NO_COMMON_BLOCKS = YES;
				GCC_OPTIMIZATION_LEVEL = 0;
				GCC_PREPROCESSOR_DEFINITIONS = (
					"DEBUG=1",
					"$(inherited)",
				);
				GCC_WARN_64_TO_32_BIT_CONVERSION = YES;
				GCC_WARN_ABOUT_RETURN_TYPE = YES_ERROR;
				GCC_WARN_UNDECLARED_SELECTOR = YES;
				GCC_WARN_UNINITIALIZED_AUTOS = YES_AGGRESSIVE;
				GCC_WARN_UNUSED_FUNCTION = YES;
				GCC_WARN_UNUSED_VARIABLE = YES;
				IPHONEOS_DEPLOYMENT_TARGET = 15.0;
				MTL_ENABLE_DEBUG_INFO = INCLUDE_SOURCE;
				MTL_FAST_MATH = YES;
				ONLY_ACTIVE_ARCH = YES;
				SDKROOT = iphoneos;
			};
			name = Debug;
		};
		68290F4E2736B39800F5086F /* Release */ = {
			isa = XCBuildConfiguration;
			buildSettings = {
				ALWAYS_SEARCH_USER_PATHS = NO;
				CLANG_ANALYZER_NONNULL = YES;
				CLANG_ANALYZER_NUMBER_OBJECT_CONVERSION = YES_AGGRESSIVE;
				CLANG_CXX_LANGUAGE_STANDARD = "gnu++17";
				CLANG_CXX_LIBRARY = "libc++";
				CLANG_ENABLE_MODULES = YES;
				CLANG_ENABLE_OBJC_ARC = YES;
				CLANG_ENABLE_OBJC_WEAK = YES;
				CLANG_WARN_BLOCK_CAPTURE_AUTORELEASING = YES;
				CLANG_WARN_BOOL_CONVERSION = YES;
				CLANG_WARN_COMMA = YES;
				CLANG_WARN_CONSTANT_CONVERSION = YES;
				CLANG_WARN_DEPRECATED_OBJC_IMPLEMENTATIONS = YES;
				CLANG_WARN_DIRECT_OBJC_ISA_USAGE = YES_ERROR;
				CLANG_WARN_DOCUMENTATION_COMMENTS = YES;
				CLANG_WARN_EMPTY_BODY = YES;
				CLANG_WARN_ENUM_CONVERSION = YES;
				CLANG_WARN_INFINITE_RECURSION = YES;
				CLANG_WARN_INT_CONVERSION = YES;
				CLANG_WARN_NON_LITERAL_NULL_CONVERSION = YES;
				CLANG_WARN_OBJC_IMPLICIT_RETAIN_SELF = YES;
				CLANG_WARN_OBJC_LITERAL_CONVERSION = YES;
				CLANG_WARN_OBJC_ROOT_CLASS = YES_ERROR;
				CLANG_WARN_QUOTED_INCLUDE_IN_FRAMEWORK_HEADER = YES;
				CLANG_WARN_RANGE_LOOP_ANALYSIS = YES;
				CLANG_WARN_STRICT_PROTOTYPES = YES;
				CLANG_WARN_SUSPICIOUS_MOVE = YES;
				CLANG_WARN_UNGUARDED_AVAILABILITY = YES_AGGRESSIVE;
				CLANG_WARN_UNREACHABLE_CODE = YES;
				CLANG_WARN__DUPLICATE_METHOD_MATCH = YES;
				COPY_PHASE_STRIP = NO;
				DEBUG_INFORMATION_FORMAT = "dwarf-with-dsym";
				ENABLE_NS_ASSERTIONS = NO;
				ENABLE_STRICT_OBJC_MSGSEND = YES;
				GCC_C_LANGUAGE_STANDARD = gnu11;
				GCC_NO_COMMON_BLOCKS = YES;
				GCC_WARN_64_TO_32_BIT_CONVERSION = YES;
				GCC_WARN_ABOUT_RETURN_TYPE = YES_ERROR;
				GCC_WARN_UNDECLARED_SELECTOR = YES;
				GCC_WARN_UNINITIALIZED_AUTOS = YES_AGGRESSIVE;
				GCC_WARN_UNUSED_FUNCTION = YES;
				GCC_WARN_UNUSED_VARIABLE = YES;
				IPHONEOS_DEPLOYMENT_TARGET = 15.0;
				MTL_ENABLE_DEBUG_INFO = NO;
				MTL_FAST_MATH = YES;
				SDKROOT = iphoneos;
				VALIDATE_PRODUCT = YES;
			};
			name = Release;
		};
		68290F502736B39800F5086F /* Debug */ = {
			isa = XCBuildConfiguration;
			baseConfigurationReference = 21B10EEF12E899F545A5FBED /* Pods-MobileCredential.debug.xcconfig */;
			buildSettings = {
				ASSETCATALOG_COMPILER_APPICON_NAME = AppIcon;
				ASSETCATALOG_COMPILER_GLOBAL_ACCENT_COLOR_NAME = AccentColor;
				CLANG_ENABLE_OBJC_ARC = YES;
				CODE_SIGN_STYLE = Automatic;
				CURRENT_PROJECT_VERSION = 1;
				DEVELOPMENT_TEAM = W832C4SNYD;
				GCC_PRECOMPILE_PREFIX_HEADER = YES;
				GCC_PREFIX_HEADER = MobileCredential/PrefixHeader.pch;
				GENERATE_INFOPLIST_FILE = YES;
				INFOPLIST_FILE = MobileCredential/Info.plist;
				INFOPLIST_KEY_UIApplicationSupportsIndirectInputEvents = YES;
				INFOPLIST_KEY_UILaunchStoryboardName = LaunchScreen;
				INFOPLIST_KEY_UIMainStoryboardFile = Main;
				INFOPLIST_KEY_UISupportedInterfaceOrientations_iPad = "UIInterfaceOrientationPortrait UIInterfaceOrientationPortraitUpsideDown UIInterfaceOrientationLandscapeLeft UIInterfaceOrientationLandscapeRight";
				INFOPLIST_KEY_UISupportedInterfaceOrientations_iPhone = "UIInterfaceOrientationPortrait UIInterfaceOrientationLandscapeLeft UIInterfaceOrientationLandscapeRight";
				LD_RUNPATH_SEARCH_PATHS = (
					"$(inherited)",
					"@executable_path/Frameworks",
				);
				MARKETING_VERSION = 1.0;
				PRODUCT_BUNDLE_IDENTIFIER = leeyeon2.MobileCredential;
				PRODUCT_NAME = "$(TARGET_NAME)";
				SWIFT_EMIT_LOC_STRINGS = YES;
				TARGETED_DEVICE_FAMILY = "1,2";
			};
			name = Debug;
		};
		68290F512736B39800F5086F /* Release */ = {
			isa = XCBuildConfiguration;
			baseConfigurationReference = 270FDB19922A5E441B605F40 /* Pods-MobileCredential.release.xcconfig */;
			buildSettings = {
				ASSETCATALOG_COMPILER_APPICON_NAME = AppIcon;
				ASSETCATALOG_COMPILER_GLOBAL_ACCENT_COLOR_NAME = AccentColor;
				CLANG_ENABLE_OBJC_ARC = YES;
				CODE_SIGN_STYLE = Automatic;
				CURRENT_PROJECT_VERSION = 1;
				DEVELOPMENT_TEAM = W832C4SNYD;
				GCC_PRECOMPILE_PREFIX_HEADER = YES;
				GCC_PREFIX_HEADER = MobileCredential/PrefixHeader.pch;
				GENERATE_INFOPLIST_FILE = YES;
				INFOPLIST_FILE = MobileCredential/Info.plist;
				INFOPLIST_KEY_UIApplicationSupportsIndirectInputEvents = YES;
				INFOPLIST_KEY_UILaunchStoryboardName = LaunchScreen;
				INFOPLIST_KEY_UIMainStoryboardFile = Main;
				INFOPLIST_KEY_UISupportedInterfaceOrientations_iPad = "UIInterfaceOrientationPortrait UIInterfaceOrientationPortraitUpsideDown UIInterfaceOrientationLandscapeLeft UIInterfaceOrientationLandscapeRight";
				INFOPLIST_KEY_UISupportedInterfaceOrientations_iPhone = "UIInterfaceOrientationPortrait UIInterfaceOrientationLandscapeLeft UIInterfaceOrientationLandscapeRight";
				LD_RUNPATH_SEARCH_PATHS = (
					"$(inherited)",
					"@executable_path/Frameworks",
				);
				MARKETING_VERSION = 1.0;
				PRODUCT_BUNDLE_IDENTIFIER = leeyeon2.MobileCredential;
				PRODUCT_NAME = "$(TARGET_NAME)";
				SWIFT_EMIT_LOC_STRINGS = YES;
				TARGETED_DEVICE_FAMILY = "1,2";
			};
			name = Release;
		};
/* End XCBuildConfiguration section */

/* Begin XCConfigurationList section */
		68290F312736B39700F5086F /* Build configuration list for PBXProject "MobileCredential" */ = {
			isa = XCConfigurationList;
			buildConfigurations = (
				68290F4D2736B39800F5086F /* Debug */,
				68290F4E2736B39800F5086F /* Release */,
			);
			defaultConfigurationIsVisible = 0;
			defaultConfigurationName = Release;
		};
		68290F4F2736B39800F5086F /* Build configuration list for PBXNativeTarget "MobileCredential" */ = {
			isa = XCConfigurationList;
			buildConfigurations = (
				68290F502736B39800F5086F /* Debug */,
				68290F512736B39800F5086F /* Release */,
			);
			defaultConfigurationIsVisible = 0;
			defaultConfigurationName = Release;
		};
/* End XCConfigurationList section */
	};
	rootObject = 68290F2E2736B39700F5086F /* Project object */;
}
